
Microsoft Visual Studio Solution File, Format Version 12.00
# Visual Studio Version 17
VisualStudioVersion = 17.5.33502.453
MinimumVisualStudioVersion = 10.0.40219.1
Project("{FAE04EC0-301F-11D3-BF4B-00C04F79EFBC}") = "Planet-API-CRUD", "Planet-API-CRUD\Planet-API-CRUD.csproj", "{9604B1AE-930E-4E6C-966B-7B20EE459D1C}"
EndProject
Global
	GlobalSection(SolutionConfigurationPlatforms) = preSolution
		Debug|Any CPU = Debug|Any CPU
		Release|Any CPU = Release|Any CPU
	EndGlobalSection
	GlobalSection(ProjectConfigurationPlatforms) = postSolution
		{9604B1AE-930E-4E6C-966B-7B20EE459D1C}.Debug|Any CPU.ActiveCfg = Debug|Any CPU
		{9604B1AE-930E-4E6C-966B-7B20EE459D1C}.Debug|Any CPU.Build.0 = Debug|Any CPU
		{9604B1AE-930E-4E6C-966B-7B20EE459D1C}.Release|Any CPU.ActiveCfg = Release|Any CPU
		{9604B1AE-930E-4E6C-966B-7B20EE459D1C}.Release|Any CPU.Build.0 = Release|Any CPU
	EndGlobalSection
	GlobalSection(SolutionProperties) = preSolution
		HideSolutionNode = FALSE
	EndGlobalSection
	GlobalSection(ExtensibilityGlobals) = postSolution
		SolutionGuid = {ECC8FCF9-C47E-4A3E-9751-79A26F120006}
	EndGlobalSection
EndGlobal
